{
  "version": 4,
  "terraform_version": "1.5.7",
  "serial": 71,
  "lineage": "aa017c27-237a-8afe-9a0a-063549076fb0",
  "outputs": {},
  "resources": [
    {
      "module": "module.ec2_backup",
      "mode": "data",
      "type": "aws_iam_policy_document",
      "name": "backup_assume_role_policy",
      "provider": "module.ec2_backup.provider[\"registry.terraform.io/hashicorp/aws\"]",
      "instances": [
        {
          "schema_version": 0,
          "attributes": {
            "id": "624367811",
            "json": "{\n  \"Version\": \"2012-10-17\",\n  \"Statement\": [\n    {\n      \"Sid\": \"\",\n      \"Effect\": \"Allow\",\n      \"Action\": \"sts:AssumeRole\",\n      \"Principal\": {\n        \"Service\": \"backup.amazonaws.com\"\n      }\n    }\n  ]\n}",
            "override_json": null,
            "override_policy_documents": null,
            "policy_id": null,
            "source_json": null,
            "source_policy_documents": null,
            "statement": [
              {
                "actions": [
                  "sts:AssumeRole"
                ],
                "condition": [],
                "effect": "Allow",
                "not_actions": [],
                "not_principals": [],
                "not_resources": [],
                "principals": [
                  {
                    "identifiers": [
                      "backup.amazonaws.com"
                    ],
                    "type": "Service"
                  }
                ],
                "resources": [],
                "sid": ""
              }
            ],
            "version": "2012-10-17"
          },
          "sensitive_attributes": []
        }
      ]
    },
    {
      "module": "module.ec2_backup",
      "mode": "managed",
      "type": "aws_backup_selection",
      "name": "backup_selection",
      "provider": "module.ec2_backup.provider[\"registry.terraform.io/hashicorp/aws\"]",
      "instances": []
    },
    {
      "module": "module.ec2_backup",
      "mode": "managed",
      "type": "aws_backup_vault",
      "name": "backup_vault",
      "provider": "module.ec2_backup.provider[\"registry.terraform.io/hashicorp/aws\"]",
      "instances": [
        {
          "schema_version": 0,
          "attributes": {
            "arn": "arn:aws:backup:ap-south-1:571653956102:backup-vault:backup-vault-ec2",
            "id": "backup-vault-ec2",
            "kms_key_arn": "arn:aws:kms:ap-south-1:571653956102:key/cf393261-ac6e-4e89-a311-f07e2a29b495",
            "name": "backup-vault-ec2",
            "recovery_points": 0,
            "tags": null,
            "tags_all": {}
          },
          "sensitive_attributes": [],
          "private": "bnVsbA==",
          "dependencies": [
            "module.ec2_backup.aws_kms_key.backup_key"
          ]
        }
      ]
    },
    {
      "module": "module.ec2_backup",
      "mode": "managed",
      "type": "aws_iam_role",
      "name": "backup_role",
      "provider": "module.ec2_backup.provider[\"registry.terraform.io/hashicorp/aws\"]",
      "instances": [
        {
          "schema_version": 0,
          "attributes": {
            "arn": "arn:aws:iam::571653956102:role/BackupRole-ec2",
            "assume_role_policy": "{\"Version\":\"2012-10-17\",\"Statement\":[{\"Sid\":\"\",\"Effect\":\"Allow\",\"Principal\":{\"Service\":\"backup.amazonaws.com\"},\"Action\":\"sts:AssumeRole\"}]}",
            "create_date": "2024-05-01T11:31:15Z",
            "description": "",
            "force_detach_policies": false,
            "id": "BackupRole-ec2",
            "inline_policy": [
              {
                "name": "",
                "policy": ""
              }
            ],
            "managed_policy_arns": [],
            "max_session_duration": 3600,
            "name": "BackupRole-ec2",
            "name_prefix": "",
            "path": "/",
            "permissions_boundary": null,
            "tags": null,
            "tags_all": {},
            "unique_id": "AROAYKGJ3EIDJ3KZXCZX5"
          },
          "sensitive_attributes": [],
          "private": "bnVsbA==",
          "dependencies": [
            "module.ec2_backup.data.aws_iam_policy_document.backup_assume_role_policy"
          ]
        }
      ]
    },
    {
      "module": "module.ec2_backup",
      "mode": "managed",
      "type": "aws_iam_role_policy_attachment",
      "name": "backup_role_policy",
      "provider": "module.ec2_backup.provider[\"registry.terraform.io/hashicorp/aws\"]",
      "instances": [
        {
          "schema_version": 0,
          "attributes": {
            "id": "BackupRole-ec2-20240501113119460400000001",
            "policy_arn": "arn:aws:iam::aws:policy/service-role/AWSBackupServiceRolePolicyForBackup",
            "role": "BackupRole-ec2"
          },
          "sensitive_attributes": [],
          "private": "bnVsbA==",
          "dependencies": [
            "module.ec2_backup.aws_iam_role.backup_role",
            "module.ec2_backup.data.aws_iam_policy_document.backup_assume_role_policy"
          ]
        }
      ]
    },
    {
      "module": "module.ec2_backup",
      "mode": "managed",
      "type": "aws_kms_key",
      "name": "backup_key",
      "provider": "module.ec2_backup.provider[\"registry.terraform.io/hashicorp/aws\"]",
      "instances": [
        {
          "schema_version": 0,
          "attributes": {
            "arn": "arn:aws:kms:ap-south-1:571653956102:key/cf393261-ac6e-4e89-a311-f07e2a29b495",
            "bypass_policy_lockout_safety_check": false,
            "customer_master_key_spec": "SYMMETRIC_DEFAULT",
            "deletion_window_in_days": 10,
            "description": "Backup Key",
            "enable_key_rotation": false,
            "id": "cf393261-ac6e-4e89-a311-f07e2a29b495",
            "is_enabled": true,
            "key_id": "cf393261-ac6e-4e89-a311-f07e2a29b495",
            "key_usage": "ENCRYPT_DECRYPT",
            "multi_region": false,
            "policy": "{\"Id\":\"key-default-1\",\"Statement\":[{\"Action\":\"kms:*\",\"Effect\":\"Allow\",\"Principal\":{\"AWS\":\"arn:aws:iam::571653956102:root\"},\"Resource\":\"*\",\"Sid\":\"Enable IAM User Permissions\"}],\"Version\":\"2012-10-17\"}",
            "tags": null,
            "tags_all": {}
          },
          "sensitive_attributes": [],
          "private": "bnVsbA=="
        }
      ]
    },
    {
      "module": "module.s3_backup",
      "mode": "data",
      "type": "aws_iam_policy_document",
      "name": "backup_assume_role_policy",
      "provider": "module.s3_backup.provider[\"registry.terraform.io/hashicorp/aws\"]",
      "instances": [
        {
          "schema_version": 0,
          "attributes": {
            "id": "624367811",
            "json": "{\n  \"Version\": \"2012-10-17\",\n  \"Statement\": [\n    {\n      \"Sid\": \"\",\n      \"Effect\": \"Allow\",\n      \"Action\": \"sts:AssumeRole\",\n      \"Principal\": {\n        \"Service\": \"backup.amazonaws.com\"\n      }\n    }\n  ]\n}",
            "override_json": null,
            "override_policy_documents": null,
            "policy_id": null,
            "source_json": null,
            "source_policy_documents": null,
            "statement": [
              {
                "actions": [
                  "sts:AssumeRole"
                ],
                "condition": [],
                "effect": "Allow",
                "not_actions": [],
                "not_principals": [],
                "not_resources": [],
                "principals": [
                  {
                    "identifiers": [
                      "backup.amazonaws.com"
                    ],
                    "type": "Service"
                  }
                ],
                "resources": [],
                "sid": ""
              }
            ],
            "version": "2012-10-17"
          },
          "sensitive_attributes": []
        }
      ]
    },
    {
      "module": "module.s3_backup",
      "mode": "managed",
      "type": "aws_backup_selection",
      "name": "backup_selection",
      "provider": "module.s3_backup.provider[\"registry.terraform.io/hashicorp/aws\"]",
      "instances": []
    },
    {
      "module": "module.s3_backup",
      "mode": "managed",
      "type": "aws_backup_vault",
      "name": "backup_vault",
      "provider": "module.s3_backup.provider[\"registry.terraform.io/hashicorp/aws\"]",
      "instances": [
        {
          "schema_version": 0,
          "attributes": {
            "arn": "arn:aws:backup:ap-south-1:571653956102:backup-vault:backup-vault-s3",
            "id": "backup-vault-s3",
            "kms_key_arn": "arn:aws:kms:ap-south-1:571653956102:key/f61651c4-41c4-4261-968a-390dce0629a8",
            "name": "backup-vault-s3",
            "recovery_points": 0,
            "tags": null,
            "tags_all": {}
          },
          "sensitive_attributes": [],
          "private": "bnVsbA==",
          "dependencies": [
            "module.s3_backup.aws_kms_key.backup_key"
          ]
        }
      ]
    },
    {
      "module": "module.s3_backup",
      "mode": "managed",
      "type": "aws_iam_role",
      "name": "backup_role",
      "provider": "module.s3_backup.provider[\"registry.terraform.io/hashicorp/aws\"]",
      "instances": [
        {
          "schema_version": 0,
          "attributes": {
            "arn": "arn:aws:iam::571653956102:role/BackupRole-s3",
            "assume_role_policy": "{\"Version\":\"2012-10-17\",\"Statement\":[{\"Sid\":\"\",\"Effect\":\"Allow\",\"Principal\":{\"Service\":\"backup.amazonaws.com\"},\"Action\":\"sts:AssumeRole\"}]}",
            "create_date": "2024-05-01T11:31:15Z",
            "description": "",
            "force_detach_policies": false,
            "id": "BackupRole-s3",
            "inline_policy": [
              {
                "name": "",
                "policy": ""
              }
            ],
            "managed_policy_arns": [],
            "max_session_duration": 3600,
            "name": "BackupRole-s3",
            "name_prefix": "",
            "path": "/",
            "permissions_boundary": null,
            "tags": null,
            "tags_all": {},
            "unique_id": "AROAYKGJ3EIDE6W37VYEX"
          },
          "sensitive_attributes": [],
          "private": "bnVsbA==",
          "dependencies": [
            "module.s3_backup.data.aws_iam_policy_document.backup_assume_role_policy"
          ]
        }
      ]
    },
    {
      "module": "module.s3_backup",
      "mode": "managed",
      "type": "aws_iam_role_policy_attachment",
      "name": "backup_role_policy",
      "provider": "module.s3_backup.provider[\"registry.terraform.io/hashicorp/aws\"]",
      "instances": [
        {
          "schema_version": 0,
          "attributes": {
            "id": "BackupRole-s3-20240501113119490100000001",
            "policy_arn": "arn:aws:iam::aws:policy/service-role/AWSBackupServiceRolePolicyForBackup",
            "role": "BackupRole-s3"
          },
          "sensitive_attributes": [],
          "private": "bnVsbA==",
          "dependencies": [
            "module.s3_backup.aws_iam_role.backup_role",
            "module.s3_backup.data.aws_iam_policy_document.backup_assume_role_policy"
          ]
        }
      ]
    },
    {
      "module": "module.s3_backup",
      "mode": "managed",
      "type": "aws_kms_key",
      "name": "backup_key",
      "provider": "module.s3_backup.provider[\"registry.terraform.io/hashicorp/aws\"]",
      "instances": [
        {
          "schema_version": 0,
          "attributes": {
            "arn": "arn:aws:kms:ap-south-1:571653956102:key/f61651c4-41c4-4261-968a-390dce0629a8",
            "bypass_policy_lockout_safety_check": false,
            "customer_master_key_spec": "SYMMETRIC_DEFAULT",
            "deletion_window_in_days": 10,
            "description": "Backup Key",
            "enable_key_rotation": false,
            "id": "f61651c4-41c4-4261-968a-390dce0629a8",
            "is_enabled": true,
            "key_id": "f61651c4-41c4-4261-968a-390dce0629a8",
            "key_usage": "ENCRYPT_DECRYPT",
            "multi_region": false,
            "policy": "{\"Id\":\"key-default-1\",\"Statement\":[{\"Action\":\"kms:*\",\"Effect\":\"Allow\",\"Principal\":{\"AWS\":\"arn:aws:iam::571653956102:root\"},\"Resource\":\"*\",\"Sid\":\"Enable IAM User Permissions\"}],\"Version\":\"2012-10-17\"}",
            "tags": null,
            "tags_all": {}
          },
          "sensitive_attributes": [],
          "private": "bnVsbA=="
        }
      ]
    }
  ],
  "check_results": null
}
