{
  "version": 4,
  "terraform_version": "1.5.7",
  "serial": 90,
  "lineage": "aa017c27-237a-8afe-9a0a-063549076fb0",
  "outputs": {},
  "resources": [
    {
      "module": "module.ec2_backup",
      "mode": "data",
      "type": "aws_caller_identity",
      "name": "current",
      "provider": "module.ec2_backup.provider[\"registry.terraform.io/hashicorp/aws\"]",
      "instances": [
        {
          "schema_version": 0,
          "attributes": {
            "account_id": "571653956102",
            "arn": "arn:aws:iam::571653956102:user/mac-cli",
            "id": "571653956102",
            "user_id": "AIDAYKGJ3EIDJKQ73QFO5"
          },
          "sensitive_attributes": []
        }
      ]
    },
    {
      "module": "module.ec2_backup",
      "mode": "data",
      "type": "aws_iam_policy_document",
      "name": "backup_assume_role_policy",
      "provider": "module.ec2_backup.provider[\"registry.terraform.io/hashicorp/aws\"]",
      "instances": [
        {
          "schema_version": 0,
          "attributes": {
            "id": "624367811",
            "json": "{\n  \"Version\": \"2012-10-17\",\n  \"Statement\": [\n    {\n      \"Sid\": \"\",\n      \"Effect\": \"Allow\",\n      \"Action\": \"sts:AssumeRole\",\n      \"Principal\": {\n        \"Service\": \"backup.amazonaws.com\"\n      }\n    }\n  ]\n}",
            "override_json": null,
            "override_policy_documents": null,
            "policy_id": null,
            "source_json": null,
            "source_policy_documents": null,
            "statement": [
              {
                "actions": [
                  "sts:AssumeRole"
                ],
                "condition": [],
                "effect": "Allow",
                "not_actions": [],
                "not_principals": [],
                "not_resources": [],
                "principals": [
                  {
                    "identifiers": [
                      "backup.amazonaws.com"
                    ],
                    "type": "Service"
                  }
                ],
                "resources": [],
                "sid": ""
              }
            ],
            "version": "2012-10-17"
          },
          "sensitive_attributes": []
        }
      ]
    },
    {
      "module": "module.ec2_backup",
      "mode": "managed",
      "type": "aws_backup_plan",
      "name": "backup_plan",
      "provider": "module.ec2_backup.provider[\"registry.terraform.io/hashicorp/aws\"]",
      "instances": [
        {
          "schema_version": 0,
          "attributes": {
            "advanced_backup_setting": [],
            "arn": "arn:aws:backup:ap-south-1:571653956102:backup-plan:ea90a408-fddf-4008-964c-f2c5263bf67f",
            "id": "ea90a408-fddf-4008-964c-f2c5263bf67f",
            "name": "backup-plan-ec2",
            "rule": [
              {
                "completion_window": 420,
                "copy_action": [],
                "enable_continuous_backup": false,
                "lifecycle": [
                  {
                    "cold_storage_after": 30,
                    "delete_after": 120
                  }
                ],
                "recovery_point_tags": {
                  "Environment": "production"
                },
                "rule_name": "backup-rule-ec2",
                "schedule": "cron(0 15 ? * * *)",
                "start_window": 60,
                "target_vault_name": "backup-vault-ec2"
              }
            ],
            "tags": {},
            "tags_all": {},
            "version": "NzhhMDUwZmItNDEyNi00YTQ4LWE2ZTItMzg3MWY2NGM2MDk5"
          },
          "sensitive_attributes": [],
          "private": "bnVsbA==",
          "dependencies": [
            "module.ec2_backup.aws_backup_vault.backup_vault"
          ]
        }
      ]
    },
    {
      "module": "module.ec2_backup",
      "mode": "managed",
      "type": "aws_backup_selection",
      "name": "backup_selection",
      "provider": "module.ec2_backup.provider[\"registry.terraform.io/hashicorp/aws\"]",
      "instances": [
        {
          "schema_version": 0,
          "attributes": {
            "condition": [
              {
                "string_equals": [],
                "string_like": [],
                "string_not_equals": [],
                "string_not_like": []
              }
            ],
            "iam_role_arn": "arn:aws:iam::571653956102:role/service-role/AWSBackupDefaultServiceRole",
            "id": "467de420-649e-4a57-8caa-753fc9a72c13",
            "name": "backup-selection-ec2",
            "not_resources": [],
            "plan_id": "ea90a408-fddf-4008-964c-f2c5263bf67f",
            "resources": [
              "arn:aws:ec2:ap-south-1:571653956102:instance/i-0efaeeeccb3be84d8"
            ],
            "selection_tag": []
          },
          "sensitive_attributes": [],
          "private": "bnVsbA==",
          "dependencies": [
            "module.ec2_backup.aws_backup_plan.backup_plan",
            "module.ec2_backup.aws_backup_vault.backup_vault",
            "module.ec2_backup.aws_kms_key.backup_key",
            "module.ec2_backup.data.aws_caller_identity.current"
          ]
        }
      ]
    },
    {
      "module": "module.ec2_backup",
      "mode": "managed",
      "type": "aws_backup_vault",
      "name": "backup_vault",
      "provider": "module.ec2_backup.provider[\"registry.terraform.io/hashicorp/aws\"]",
      "instances": [
        {
          "schema_version": 0,
          "attributes": {
            "arn": "arn:aws:backup:ap-south-1:571653956102:backup-vault:backup-vault-ec2",
            "id": "backup-vault-ec2",
            "kms_key_arn": "arn:aws:kms:ap-south-1:571653956102:key/cf393261-ac6e-4e89-a311-f07e2a29b495",
            "name": "backup-vault-ec2",
            "recovery_points": 1,
            "tags": {},
            "tags_all": {}
          },
          "sensitive_attributes": [],
          "private": "bnVsbA==",
          "dependencies": [
            "module.ec2_backup.aws_kms_key.backup_key"
          ]
        }
      ]
    },
    {
      "module": "module.ec2_backup",
      "mode": "managed",
      "type": "aws_iam_role",
      "name": "backup_role",
      "provider": "module.ec2_backup.provider[\"registry.terraform.io/hashicorp/aws\"]",
      "instances": [
        {
          "schema_version": 0,
          "attributes": {
            "arn": "arn:aws:iam::571653956102:role/BackupRole-ec2",
            "assume_role_policy": "{\"Version\":\"2012-10-17\",\"Statement\":[{\"Sid\":\"\",\"Effect\":\"Allow\",\"Principal\":{\"Service\":\"backup.amazonaws.com\"},\"Action\":\"sts:AssumeRole\"}]}",
            "create_date": "2024-05-01T11:31:15Z",
            "description": "",
            "force_detach_policies": false,
            "id": "BackupRole-ec2",
            "inline_policy": [
              {
                "name": "",
                "policy": ""
              }
            ],
            "managed_policy_arns": [
              "arn:aws:iam::aws:policy/service-role/AWSBackupServiceRolePolicyForBackup"
            ],
            "max_session_duration": 3600,
            "name": "BackupRole-ec2",
            "name_prefix": "",
            "path": "/",
            "permissions_boundary": null,
            "tags": {},
            "tags_all": {},
            "unique_id": "AROAYKGJ3EIDJ3KZXCZX5"
          },
          "sensitive_attributes": [],
          "private": "bnVsbA==",
          "dependencies": [
            "module.ec2_backup.data.aws_iam_policy_document.backup_assume_role_policy"
          ]
        }
      ]
    },
    {
      "module": "module.ec2_backup",
      "mode": "managed",
      "type": "aws_iam_role_policy_attachment",
      "name": "backup_role_policy",
      "provider": "module.ec2_backup.provider[\"registry.terraform.io/hashicorp/aws\"]",
      "instances": [
        {
          "schema_version": 0,
          "attributes": {
            "id": "BackupRole-ec2-20240501113119460400000001",
            "policy_arn": "arn:aws:iam::aws:policy/service-role/AWSBackupServiceRolePolicyForBackup",
            "role": "BackupRole-ec2"
          },
          "sensitive_attributes": [],
          "private": "bnVsbA==",
          "dependencies": [
            "module.ec2_backup.aws_iam_role.backup_role",
            "module.ec2_backup.data.aws_iam_policy_document.backup_assume_role_policy"
          ]
        }
      ]
    },
    {
      "module": "module.ec2_backup",
      "mode": "managed",
      "type": "aws_kms_key",
      "name": "backup_key",
      "provider": "module.ec2_backup.provider[\"registry.terraform.io/hashicorp/aws\"]",
      "instances": [
        {
          "schema_version": 0,
          "attributes": {
            "arn": "arn:aws:kms:ap-south-1:571653956102:key/cf393261-ac6e-4e89-a311-f07e2a29b495",
            "bypass_policy_lockout_safety_check": false,
            "customer_master_key_spec": "SYMMETRIC_DEFAULT",
            "deletion_window_in_days": 10,
            "description": "Backup Key",
            "enable_key_rotation": false,
            "id": "cf393261-ac6e-4e89-a311-f07e2a29b495",
            "is_enabled": true,
            "key_id": "cf393261-ac6e-4e89-a311-f07e2a29b495",
            "key_usage": "ENCRYPT_DECRYPT",
            "multi_region": false,
            "policy": "{\"Id\":\"key-default-1\",\"Statement\":[{\"Action\":\"kms:*\",\"Effect\":\"Allow\",\"Principal\":{\"AWS\":\"arn:aws:iam::571653956102:root\"},\"Resource\":\"*\",\"Sid\":\"Enable IAM User Permissions\"}],\"Version\":\"2012-10-17\"}",
            "tags": {},
            "tags_all": {}
          },
          "sensitive_attributes": [],
          "private": "bnVsbA=="
        }
      ]
    },
    {
      "module": "module.s3_backup",
      "mode": "data",
      "type": "aws_caller_identity",
      "name": "current",
      "provider": "module.s3_backup.provider[\"registry.terraform.io/hashicorp/aws\"]",
      "instances": [
        {
          "schema_version": 0,
          "attributes": {
            "account_id": "571653956102",
            "arn": "arn:aws:iam::571653956102:user/mac-cli",
            "id": "571653956102",
            "user_id": "AIDAYKGJ3EIDJKQ73QFO5"
          },
          "sensitive_attributes": []
        }
      ]
    },
    {
      "module": "module.s3_backup",
      "mode": "data",
      "type": "aws_iam_policy_document",
      "name": "backup_assume_role_policy",
      "provider": "module.s3_backup.provider[\"registry.terraform.io/hashicorp/aws\"]",
      "instances": [
        {
          "schema_version": 0,
          "attributes": {
            "id": "624367811",
            "json": "{\n  \"Version\": \"2012-10-17\",\n  \"Statement\": [\n    {\n      \"Sid\": \"\",\n      \"Effect\": \"Allow\",\n      \"Action\": \"sts:AssumeRole\",\n      \"Principal\": {\n        \"Service\": \"backup.amazonaws.com\"\n      }\n    }\n  ]\n}",
            "override_json": null,
            "override_policy_documents": null,
            "policy_id": null,
            "source_json": null,
            "source_policy_documents": null,
            "statement": [
              {
                "actions": [
                  "sts:AssumeRole"
                ],
                "condition": [],
                "effect": "Allow",
                "not_actions": [],
                "not_principals": [],
                "not_resources": [],
                "principals": [
                  {
                    "identifiers": [
                      "backup.amazonaws.com"
                    ],
                    "type": "Service"
                  }
                ],
                "resources": [],
                "sid": ""
              }
            ],
            "version": "2012-10-17"
          },
          "sensitive_attributes": []
        }
      ]
    },
    {
      "module": "module.s3_backup",
      "mode": "managed",
      "type": "aws_backup_plan",
      "name": "backup_plan",
      "provider": "module.s3_backup.provider[\"registry.terraform.io/hashicorp/aws\"]",
      "instances": [
        {
          "schema_version": 0,
          "attributes": {
            "advanced_backup_setting": [],
            "arn": "arn:aws:backup:ap-south-1:571653956102:backup-plan:970fc93f-20d0-4ff0-b2c7-86f5cb0c9cbd",
            "id": "970fc93f-20d0-4ff0-b2c7-86f5cb0c9cbd",
            "name": "backup-plan-s3",
            "rule": [
              {
                "completion_window": 420,
                "copy_action": [],
                "enable_continuous_backup": false,
                "lifecycle": [
                  {
                    "cold_storage_after": 30,
                    "delete_after": 120
                  }
                ],
                "recovery_point_tags": {
                  "Environment": "production"
                },
                "rule_name": "backup-rule-s3",
                "schedule": "cron(0 8 ? * * *)",
                "start_window": 60,
                "target_vault_name": "backup-vault-s3"
              }
            ],
            "tags": {},
            "tags_all": {},
            "version": "MDMxMGRmYzktMTgwNS00MTUyLTkxZGQtMDg4MmY4NTg5MTEx"
          },
          "sensitive_attributes": [],
          "private": "bnVsbA==",
          "dependencies": [
            "module.s3_backup.aws_backup_vault.backup_vault",
            "module.s3_backup.aws_kms_key.backup_key"
          ]
        }
      ]
    },
    {
      "module": "module.s3_backup",
      "mode": "managed",
      "type": "aws_backup_selection",
      "name": "backup_selection",
      "provider": "module.s3_backup.provider[\"registry.terraform.io/hashicorp/aws\"]",
      "instances": [
        {
          "schema_version": 0,
          "attributes": {
            "condition": [
              {
                "string_equals": [],
                "string_like": [],
                "string_not_equals": [],
                "string_not_like": []
              }
            ],
            "iam_role_arn": "arn:aws:iam::571653956102:role/service-role/AWSBackupDefaultServiceRole",
            "id": "e67c2c63-3436-4523-aa7a-95401a668d1e",
            "name": "backup-selection-s3",
            "not_resources": [],
            "plan_id": "970fc93f-20d0-4ff0-b2c7-86f5cb0c9cbd",
            "resources": [
              "arn:aws:s3:::dpcompi131",
              "arn:aws:s3:::dpdpdp1313"
            ],
            "selection_tag": []
          },
          "sensitive_attributes": [],
          "private": "bnVsbA==",
          "dependencies": [
            "module.s3_backup.aws_backup_plan.backup_plan",
            "module.s3_backup.aws_backup_vault.backup_vault",
            "module.s3_backup.aws_kms_key.backup_key",
            "module.s3_backup.data.aws_caller_identity.current"
          ]
        }
      ]
    },
    {
      "module": "module.s3_backup",
      "mode": "managed",
      "type": "aws_backup_vault",
      "name": "backup_vault",
      "provider": "module.s3_backup.provider[\"registry.terraform.io/hashicorp/aws\"]",
      "instances": [
        {
          "schema_version": 0,
          "attributes": {
            "arn": "arn:aws:backup:ap-south-1:571653956102:backup-vault:backup-vault-s3",
            "id": "backup-vault-s3",
            "kms_key_arn": "arn:aws:kms:ap-south-1:571653956102:key/f61651c4-41c4-4261-968a-390dce0629a8",
            "name": "backup-vault-s3",
            "recovery_points": 0,
            "tags": {},
            "tags_all": {}
          },
          "sensitive_attributes": [],
          "private": "bnVsbA==",
          "dependencies": [
            "module.s3_backup.aws_kms_key.backup_key"
          ]
        }
      ]
    },
    {
      "module": "module.s3_backup",
      "mode": "managed",
      "type": "aws_iam_role",
      "name": "backup_role",
      "provider": "module.s3_backup.provider[\"registry.terraform.io/hashicorp/aws\"]",
      "instances": [
        {
          "schema_version": 0,
          "attributes": {
            "arn": "arn:aws:iam::571653956102:role/BackupRole-s3",
            "assume_role_policy": "{\"Version\":\"2012-10-17\",\"Statement\":[{\"Sid\":\"\",\"Effect\":\"Allow\",\"Principal\":{\"Service\":\"backup.amazonaws.com\"},\"Action\":\"sts:AssumeRole\"}]}",
            "create_date": "2024-05-01T11:31:15Z",
            "description": "",
            "force_detach_policies": false,
            "id": "BackupRole-s3",
            "inline_policy": [
              {
                "name": "",
                "policy": ""
              }
            ],
            "managed_policy_arns": [
              "arn:aws:iam::aws:policy/service-role/AWSBackupServiceRolePolicyForBackup"
            ],
            "max_session_duration": 3600,
            "name": "BackupRole-s3",
            "name_prefix": "",
            "path": "/",
            "permissions_boundary": null,
            "tags": {},
            "tags_all": {},
            "unique_id": "AROAYKGJ3EIDE6W37VYEX"
          },
          "sensitive_attributes": [],
          "private": "bnVsbA==",
          "dependencies": [
            "module.s3_backup.data.aws_iam_policy_document.backup_assume_role_policy"
          ]
        }
      ]
    },
    {
      "module": "module.s3_backup",
      "mode": "managed",
      "type": "aws_iam_role_policy_attachment",
      "name": "backup_role_policy",
      "provider": "module.s3_backup.provider[\"registry.terraform.io/hashicorp/aws\"]",
      "instances": [
        {
          "schema_version": 0,
          "attributes": {
            "id": "BackupRole-s3-20240501113119490100000001",
            "policy_arn": "arn:aws:iam::aws:policy/service-role/AWSBackupServiceRolePolicyForBackup",
            "role": "BackupRole-s3"
          },
          "sensitive_attributes": [],
          "private": "bnVsbA==",
          "dependencies": [
            "module.s3_backup.aws_iam_role.backup_role",
            "module.s3_backup.data.aws_iam_policy_document.backup_assume_role_policy"
          ]
        }
      ]
    },
    {
      "module": "module.s3_backup",
      "mode": "managed",
      "type": "aws_kms_key",
      "name": "backup_key",
      "provider": "module.s3_backup.provider[\"registry.terraform.io/hashicorp/aws\"]",
      "instances": [
        {
          "schema_version": 0,
          "attributes": {
            "arn": "arn:aws:kms:ap-south-1:571653956102:key/f61651c4-41c4-4261-968a-390dce0629a8",
            "bypass_policy_lockout_safety_check": false,
            "customer_master_key_spec": "SYMMETRIC_DEFAULT",
            "deletion_window_in_days": 10,
            "description": "Backup Key",
            "enable_key_rotation": false,
            "id": "f61651c4-41c4-4261-968a-390dce0629a8",
            "is_enabled": true,
            "key_id": "f61651c4-41c4-4261-968a-390dce0629a8",
            "key_usage": "ENCRYPT_DECRYPT",
            "multi_region": false,
            "policy": "{\"Id\":\"key-default-1\",\"Statement\":[{\"Action\":\"kms:*\",\"Effect\":\"Allow\",\"Principal\":{\"AWS\":\"arn:aws:iam::571653956102:root\"},\"Resource\":\"*\",\"Sid\":\"Enable IAM User Permissions\"}],\"Version\":\"2012-10-17\"}",
            "tags": {},
            "tags_all": {}
          },
          "sensitive_attributes": [],
          "private": "bnVsbA=="
        }
      ]
    }
  ],
  "check_results": null
}
