{
  "version": 4,
  "terraform_version": "1.5.7",
  "serial": 52,
  "lineage": "aa017c27-237a-8afe-9a0a-063549076fb0",
  "outputs": {},
  "resources": [
    {
      "module": "module.ec2_backup",
      "mode": "data",
      "type": "aws_iam_policy_document",
      "name": "backup_assume_role_policy",
      "provider": "module.ec2_backup.provider[\"registry.terraform.io/hashicorp/aws\"]",
      "instances": [
        {
          "schema_version": 0,
          "attributes": {
            "id": "624367811",
            "json": "{\n  \"Version\": \"2012-10-17\",\n  \"Statement\": [\n    {\n      \"Sid\": \"\",\n      \"Effect\": \"Allow\",\n      \"Action\": \"sts:AssumeRole\",\n      \"Principal\": {\n        \"Service\": \"backup.amazonaws.com\"\n      }\n    }\n  ]\n}",
            "override_json": null,
            "override_policy_documents": null,
            "policy_id": null,
            "source_json": null,
            "source_policy_documents": null,
            "statement": [
              {
                "actions": [
                  "sts:AssumeRole"
                ],
                "condition": [],
                "effect": "Allow",
                "not_actions": [],
                "not_principals": [],
                "not_resources": [],
                "principals": [
                  {
                    "identifiers": [
                      "backup.amazonaws.com"
                    ],
                    "type": "Service"
                  }
                ],
                "resources": [],
                "sid": ""
              }
            ],
            "version": "2012-10-17"
          },
          "sensitive_attributes": []
        }
      ]
    },
    {
      "module": "module.ec2_backup",
      "mode": "managed",
      "type": "aws_backup_plan",
      "name": "backup_plan",
      "provider": "module.ec2_backup.provider[\"registry.terraform.io/hashicorp/aws\"]",
      "instances": [
        {
          "schema_version": 0,
          "attributes": {
            "advanced_backup_setting": [],
            "arn": "arn:aws:backup:ap-south-1:571653956102:backup-plan:31475083-f112-43b4-911c-b7dd46ffa161",
            "id": "31475083-f112-43b4-911c-b7dd46ffa161",
            "name": "backup-plan-ec2",
            "rule": [
              {
                "completion_window": 120,
                "copy_action": [],
                "enable_continuous_backup": false,
                "lifecycle": [
                  {
                    "cold_storage_after": 10,
                    "delete_after": 100
                  }
                ],
                "recovery_point_tags": {
                  "Environment": "production"
                },
                "rule_name": "ec2-backup-rule",
                "schedule": "cron(0 5 ? * * *) IST",
                "start_window": 60,
                "target_vault_name": "backup-vault-ec2"
              },
              {
                "completion_window": 120,
                "copy_action": [],
                "enable_continuous_backup": false,
                "lifecycle": [
                  {
                    "cold_storage_after": 10,
                    "delete_after": 100
                  }
                ],
                "recovery_point_tags": {
                  "Environment": "production"
                },
                "rule_name": "rds-backup-rule",
                "schedule": "cron(0 6 ? * * *) IST",
                "start_window": 60,
                "target_vault_name": "backup-vault-ec2"
              },
              {
                "completion_window": 120,
                "copy_action": [],
                "enable_continuous_backup": false,
                "lifecycle": [
                  {
                    "cold_storage_after": 10,
                    "delete_after": 100
                  }
                ],
                "recovery_point_tags": {
                  "Environment": "production"
                },
                "rule_name": "s3-backup-rule",
                "schedule": "cron(0 6 ? * * *) IST",
                "start_window": 60,
                "target_vault_name": "backup-vault-ec2"
              }
            ],
            "tags": {},
            "tags_all": {},
            "version": "NjgzZDYyMzctMGM0Ni00ZmU0LWJlYWEtYWM3NmMxZjUxNDM3"
          },
          "sensitive_attributes": [],
          "private": "bnVsbA==",
          "dependencies": [
            "module.ec2_backup.aws_backup_vault.backup_vault"
          ]
        }
      ]
    },
    {
      "module": "module.ec2_backup",
      "mode": "managed",
      "type": "aws_backup_selection",
      "name": "backup_selection",
      "provider": "module.ec2_backup.provider[\"registry.terraform.io/hashicorp/aws\"]",
      "instances": [
        {
          "schema_version": 0,
          "attributes": {
            "condition": [
              {
                "string_equals": [],
                "string_like": [],
                "string_not_equals": [],
                "string_not_like": []
              }
            ],
            "iam_role_arn": "arn:aws:iam::571653956102:role/BackupRole-ec2",
            "id": "cbd46577-e60c-4da0-a2dd-f3468b2eccc3",
            "name": "backup-selection-ec2",
            "not_resources": [],
            "plan_id": "31475083-f112-43b4-911c-b7dd46ffa161",
            "resources": [],
            "selection_tag": [
              {
                "key": "Backup",
                "type": "STRINGEQUALS",
                "value": "True"
              }
            ]
          },
          "sensitive_attributes": [],
          "private": "bnVsbA==",
          "dependencies": [
            "module.ec2_backup.aws_backup_plan.backup_plan",
            "module.ec2_backup.aws_backup_vault.backup_vault",
            "module.ec2_backup.aws_iam_role.backup_role",
            "module.ec2_backup.aws_kms_key.backup_key",
            "module.ec2_backup.data.aws_iam_policy_document.backup_assume_role_policy"
          ]
        }
      ]
    },
    {
      "module": "module.ec2_backup",
      "mode": "managed",
      "type": "aws_backup_vault",
      "name": "backup_vault",
      "provider": "module.ec2_backup.provider[\"registry.terraform.io/hashicorp/aws\"]",
      "instances": [
        {
          "schema_version": 0,
          "attributes": {
            "arn": "arn:aws:backup:ap-south-1:571653956102:backup-vault:backup-vault-ec2",
            "id": "backup-vault-ec2",
            "kms_key_arn": "arn:aws:kms:ap-south-1:571653956102:key/3f51b787-3da2-4c61-9607-72bc81c3bfae",
            "name": "backup-vault-ec2",
            "recovery_points": 0,
            "tags": {},
            "tags_all": {}
          },
          "sensitive_attributes": [],
          "private": "bnVsbA==",
          "dependencies": [
            "module.ec2_backup.aws_kms_key.backup_key"
          ]
        }
      ]
    },
    {
      "module": "module.ec2_backup",
      "mode": "managed",
      "type": "aws_iam_role",
      "name": "backup_role",
      "provider": "module.ec2_backup.provider[\"registry.terraform.io/hashicorp/aws\"]",
      "instances": [
        {
          "schema_version": 0,
          "attributes": {
            "arn": "arn:aws:iam::571653956102:role/BackupRole-ec2",
            "assume_role_policy": "{\"Version\":\"2012-10-17\",\"Statement\":[{\"Sid\":\"\",\"Effect\":\"Allow\",\"Principal\":{\"Service\":\"backup.amazonaws.com\"},\"Action\":\"sts:AssumeRole\"}]}",
            "create_date": "2024-05-01T09:04:22Z",
            "description": "",
            "force_detach_policies": false,
            "id": "BackupRole-ec2",
            "inline_policy": [
              {
                "name": "",
                "policy": ""
              }
            ],
            "managed_policy_arns": [
              "arn:aws:iam::aws:policy/service-role/AWSBackupServiceRolePolicyForBackup"
            ],
            "max_session_duration": 3600,
            "name": "BackupRole-ec2",
            "name_prefix": "",
            "path": "/",
            "permissions_boundary": null,
            "tags": {},
            "tags_all": {},
            "unique_id": "AROAYKGJ3EIDAXMSXDTYV"
          },
          "sensitive_attributes": [],
          "private": "bnVsbA==",
          "dependencies": [
            "module.ec2_backup.data.aws_iam_policy_document.backup_assume_role_policy"
          ]
        }
      ]
    },
    {
      "module": "module.ec2_backup",
      "mode": "managed",
      "type": "aws_iam_role_policy_attachment",
      "name": "backup_role_policy",
      "provider": "module.ec2_backup.provider[\"registry.terraform.io/hashicorp/aws\"]",
      "instances": [
        {
          "schema_version": 0,
          "attributes": {
            "id": "BackupRole-ec2-20240501090427335400000001",
            "policy_arn": "arn:aws:iam::aws:policy/service-role/AWSBackupServiceRolePolicyForBackup",
            "role": "BackupRole-ec2"
          },
          "sensitive_attributes": [],
          "private": "bnVsbA==",
          "dependencies": [
            "module.ec2_backup.aws_iam_role.backup_role",
            "module.ec2_backup.data.aws_iam_policy_document.backup_assume_role_policy"
          ]
        }
      ]
    },
    {
      "module": "module.ec2_backup",
      "mode": "managed",
      "type": "aws_kms_key",
      "name": "backup_key",
      "provider": "module.ec2_backup.provider[\"registry.terraform.io/hashicorp/aws\"]",
      "instances": [
        {
          "schema_version": 0,
          "attributes": {
            "arn": "arn:aws:kms:ap-south-1:571653956102:key/3f51b787-3da2-4c61-9607-72bc81c3bfae",
            "bypass_policy_lockout_safety_check": false,
            "customer_master_key_spec": "SYMMETRIC_DEFAULT",
            "deletion_window_in_days": 10,
            "description": "Backup Key",
            "enable_key_rotation": false,
            "id": "3f51b787-3da2-4c61-9607-72bc81c3bfae",
            "is_enabled": true,
            "key_id": "3f51b787-3da2-4c61-9607-72bc81c3bfae",
            "key_usage": "ENCRYPT_DECRYPT",
            "multi_region": false,
            "policy": "{\"Id\":\"key-default-1\",\"Statement\":[{\"Action\":\"kms:*\",\"Effect\":\"Allow\",\"Principal\":{\"AWS\":\"arn:aws:iam::571653956102:root\"},\"Resource\":\"*\",\"Sid\":\"Enable IAM User Permissions\"}],\"Version\":\"2012-10-17\"}",
            "tags": {},
            "tags_all": {}
          },
          "sensitive_attributes": [],
          "private": "bnVsbA=="
        }
      ]
    }
  ],
  "check_results": null
}
